
Microsoft Visual Studio Solution File, Format Version 12.00
# Visual Studio Version 17
VisualStudioVersion = 17.7.33711.374
MinimumVisualStudioVersion = 10.0.40219.1
Project("{FAE04EC0-301F-11D3-BF4B-00C04F79EFBC}") = "SlipstreamWii", "SlipstreamWii\SlipstreamWii.csproj", "{62A41308-EE9B-4EBF-AC12-C2BAE681178D}"
EndProject
Global
	GlobalSection(SolutionConfigurationPlatforms) = preSolution
		Debug|Any CPU = Debug|Any CPU
		Release|Any CPU = Release|Any CPU
	EndGlobalSection
	GlobalSection(ProjectConfigurationPlatforms) = postSolution
		{62A41308-EE9B-4EBF-AC12-C2BAE681178D}.Debug|Any CPU.ActiveCfg = Debug|Any CPU
		{62A41308-EE9B-4EBF-AC12-C2BAE681178D}.Debug|Any CPU.Build.0 = Debug|Any CPU
		{62A41308-EE9B-4EBF-AC12-C2BAE681178D}.Release|Any CPU.ActiveCfg = Release|Any CPU
		{62A41308-EE9B-4EBF-AC12-C2BAE681178D}.Release|Any CPU.Build.0 = Release|Any CPU
	EndGlobalSection
	GlobalSection(SolutionProperties) = preSolution
		HideSolutionNode = FALSE
	EndGlobalSection
	GlobalSection(ExtensibilityGlobals) = postSolution
		SolutionGuid = {61611068-44E3-41C3-BA9F-71B60A71B873}
	EndGlobalSection
EndGlobal
